// !$*UTF8*$!
{
	archiveVersion = 1;
	classes = {
	};
	objectVersion = 56;
	objects = {

/* Begin PBXBuildFile section */
		81094DC02BA10A540095D5B2 /* AuthenticationProjectApp.swift in Sources */ = {isa = PBXBuildFile; fileRef = 81094DBF2BA10A540095D5B2 /* AuthenticationProjectApp.swift */; };
		81094DC42BA10A550095D5B2 /* Assets.xcassets in Resources */ = {isa = PBXBuildFile; fileRef = 81094DC32BA10A550095D5B2 /* Assets.xcassets */; };
		81094DC82BA10A550095D5B2 /* Preview Assets.xcassets in Resources */ = {isa = PBXBuildFile; fileRef = 81094DC72BA10A550095D5B2 /* Preview Assets.xcassets */; };
		81094DD52BA10AC20095D5B2 /* SignInView.swift in Sources */ = {isa = PBXBuildFile; fileRef = 81094DD42BA10AC20095D5B2 /* SignInView.swift */; };
		81094DD82BA1D54C0095D5B2 /* Lottie in Frameworks */ = {isa = PBXBuildFile; productRef = 81094DD72BA1D54C0095D5B2 /* Lottie */; };
		81094DDA2BA1D8010095D5B2 /* animationLogin.json in Resources */ = {isa = PBXBuildFile; fileRef = 81094DD92BA1D8010095D5B2 /* animationLogin.json */; };
		81094DDC2BA1D8110095D5B2 /* LottieView.swift in Sources */ = {isa = PBXBuildFile; fileRef = 81094DDB2BA1D8110095D5B2 /* LottieView.swift */; };
		81094DE22BA1E32A0095D5B2 /* animationLoginTwo.json in Resources */ = {isa = PBXBuildFile; fileRef = 81094DE12BA1E3290095D5B2 /* animationLoginTwo.json */; };
		81094DE52BA20DA50095D5B2 /* SignUpView.swift in Sources */ = {isa = PBXBuildFile; fileRef = 81094DE42BA20DA50095D5B2 /* SignUpView.swift */; };
		81094DE82BA212750095D5B2 /* FirebaseAnalytics in Frameworks */ = {isa = PBXBuildFile; productRef = 81094DE72BA212750095D5B2 /* FirebaseAnalytics */; };
		81094DEA2BA212750095D5B2 /* FirebaseAnalyticsOnDeviceConversion in Frameworks */ = {isa = PBXBuildFile; productRef = 81094DE92BA212750095D5B2 /* FirebaseAnalyticsOnDeviceConversion */; };
		81094DEC2BA212750095D5B2 /* FirebaseAnalyticsSwift in Frameworks */ = {isa = PBXBuildFile; productRef = 81094DEB2BA212750095D5B2 /* FirebaseAnalyticsSwift */; };
		81094DEE2BA212750095D5B2 /* FirebaseAnalyticsWithoutAdIdSupport in Frameworks */ = {isa = PBXBuildFile; productRef = 81094DED2BA212750095D5B2 /* FirebaseAnalyticsWithoutAdIdSupport */; };
		81094DF02BA212750095D5B2 /* FirebaseAppCheck in Frameworks */ = {isa = PBXBuildFile; productRef = 81094DEF2BA212750095D5B2 /* FirebaseAppCheck */; };
		81094DF22BA212750095D5B2 /* FirebaseAppDistribution-Beta in Frameworks */ = {isa = PBXBuildFile; productRef = 81094DF12BA212750095D5B2 /* FirebaseAppDistribution-Beta */; };
		81094DF42BA212750095D5B2 /* FirebaseAuth in Frameworks */ = {isa = PBXBuildFile; productRef = 81094DF32BA212750095D5B2 /* FirebaseAuth */; };
		81094DF62BA212750095D5B2 /* FirebaseAuthCombine-Community in Frameworks */ = {isa = PBXBuildFile; productRef = 81094DF52BA212750095D5B2 /* FirebaseAuthCombine-Community */; };
		81094DF82BA212750095D5B2 /* FirebaseCrashlytics in Frameworks */ = {isa = PBXBuildFile; productRef = 81094DF72BA212750095D5B2 /* FirebaseCrashlytics */; };
		81094DFA2BA212750095D5B2 /* FirebaseDatabase in Frameworks */ = {isa = PBXBuildFile; productRef = 81094DF92BA212750095D5B2 /* FirebaseDatabase */; };
		81094DFC2BA212750095D5B2 /* FirebaseDatabaseSwift in Frameworks */ = {isa = PBXBuildFile; productRef = 81094DFB2BA212750095D5B2 /* FirebaseDatabaseSwift */; };
		81094DFE2BA212750095D5B2 /* FirebaseDynamicLinks in Frameworks */ = {isa = PBXBuildFile; productRef = 81094DFD2BA212750095D5B2 /* FirebaseDynamicLinks */; };
		81094E002BA212750095D5B2 /* FirebaseFirestore in Frameworks */ = {isa = PBXBuildFile; productRef = 81094DFF2BA212750095D5B2 /* FirebaseFirestore */; };
		81094E022BA212750095D5B2 /* FirebaseFirestoreCombine-Community in Frameworks */ = {isa = PBXBuildFile; productRef = 81094E012BA212750095D5B2 /* FirebaseFirestoreCombine-Community */; };
		81094E042BA212750095D5B2 /* FirebaseFirestoreSwift in Frameworks */ = {isa = PBXBuildFile; productRef = 81094E032BA212750095D5B2 /* FirebaseFirestoreSwift */; };
		81094E062BA212750095D5B2 /* FirebaseFunctions in Frameworks */ = {isa = PBXBuildFile; productRef = 81094E052BA212750095D5B2 /* FirebaseFunctions */; };
		81094E082BA212750095D5B2 /* FirebaseFunctionsCombine-Community in Frameworks */ = {isa = PBXBuildFile; productRef = 81094E072BA212750095D5B2 /* FirebaseFunctionsCombine-Community */; };
		81094E0A2BA212750095D5B2 /* FirebaseInAppMessaging-Beta in Frameworks */ = {isa = PBXBuildFile; productRef = 81094E092BA212750095D5B2 /* FirebaseInAppMessaging-Beta */; };
		81094E0C2BA212750095D5B2 /* FirebaseInAppMessagingSwift-Beta in Frameworks */ = {isa = PBXBuildFile; productRef = 81094E0B2BA212750095D5B2 /* FirebaseInAppMessagingSwift-Beta */; };
		81094E0E2BA212750095D5B2 /* FirebaseInstallations in Frameworks */ = {isa = PBXBuildFile; productRef = 81094E0D2BA212750095D5B2 /* FirebaseInstallations */; };
		81094E102BA212750095D5B2 /* FirebaseMLModelDownloader in Frameworks */ = {isa = PBXBuildFile; productRef = 81094E0F2BA212750095D5B2 /* FirebaseMLModelDownloader */; };
		81094E122BA212750095D5B2 /* FirebaseMessaging in Frameworks */ = {isa = PBXBuildFile; productRef = 81094E112BA212750095D5B2 /* FirebaseMessaging */; };
		81094E142BA212750095D5B2 /* FirebasePerformance in Frameworks */ = {isa = PBXBuildFile; productRef = 81094E132BA212750095D5B2 /* FirebasePerformance */; };
		81094E162BA212750095D5B2 /* FirebaseRemoteConfig in Frameworks */ = {isa = PBXBuildFile; productRef = 81094E152BA212750095D5B2 /* FirebaseRemoteConfig */; };
		81094E182BA212750095D5B2 /* FirebaseRemoteConfigSwift in Frameworks */ = {isa = PBXBuildFile; productRef = 81094E172BA212750095D5B2 /* FirebaseRemoteConfigSwift */; };
		81094E1A2BA212750095D5B2 /* FirebaseStorage in Frameworks */ = {isa = PBXBuildFile; productRef = 81094E192BA212750095D5B2 /* FirebaseStorage */; };
		81094E1C2BA212750095D5B2 /* FirebaseStorageCombine-Community in Frameworks */ = {isa = PBXBuildFile; productRef = 81094E1B2BA212750095D5B2 /* FirebaseStorageCombine-Community */; };
		81094E1E2BA212D30095D5B2 /* GoogleService-Info.plist in Resources */ = {isa = PBXBuildFile; fileRef = 81094E1D2BA212D30095D5B2 /* GoogleService-Info.plist */; };
		81094E212BA21E420095D5B2 /* success.json in Resources */ = {isa = PBXBuildFile; fileRef = 81094E202BA21E420095D5B2 /* success.json */; };
		81094E232BA21E560095D5B2 /* BottomSheetSucessView.swift in Sources */ = {isa = PBXBuildFile; fileRef = 81094E222BA21E560095D5B2 /* BottomSheetSucessView.swift */; };
		81094E262BA362810095D5B2 /* HomeView.swift in Sources */ = {isa = PBXBuildFile; fileRef = 81094E252BA362810095D5B2 /* HomeView.swift */; };
/* End PBXBuildFile section */

/* Begin PBXFileReference section */
		81094DBC2BA10A540095D5B2 /* AuthenticationProject.app */ = {isa = PBXFileReference; explicitFileType = wrapper.application; includeInIndex = 0; path = AuthenticationProject.app; sourceTree = BUILT_PRODUCTS_DIR; };
		81094DBF2BA10A540095D5B2 /* AuthenticationProjectApp.swift */ = {isa = PBXFileReference; lastKnownFileType = sourcecode.swift; path = AuthenticationProjectApp.swift; sourceTree = "<group>"; };
		81094DC32BA10A550095D5B2 /* Assets.xcassets */ = {isa = PBXFileReference; lastKnownFileType = folder.assetcatalog; path = Assets.xcassets; sourceTree = "<group>"; };
		81094DC52BA10A550095D5B2 /* AuthenticationProject.entitlements */ = {isa = PBXFileReference; lastKnownFileType = text.plist.entitlements; path = AuthenticationProject.entitlements; sourceTree = "<group>"; };
		81094DC72BA10A550095D5B2 /* Preview Assets.xcassets */ = {isa = PBXFileReference; lastKnownFileType = folder.assetcatalog; path = "Preview Assets.xcassets"; sourceTree = "<group>"; };
		81094DD42BA10AC20095D5B2 /* SignInView.swift */ = {isa = PBXFileReference; lastKnownFileType = sourcecode.swift; path = SignInView.swift; sourceTree = "<group>"; };
		81094DD92BA1D8010095D5B2 /* animationLogin.json */ = {isa = PBXFileReference; fileEncoding = 4; lastKnownFileType = text.json; name = animationLogin.json; path = ../../../../../../../Downloads/animationLogin.json; sourceTree = "<group>"; };
		81094DDB2BA1D8110095D5B2 /* LottieView.swift */ = {isa = PBXFileReference; lastKnownFileType = sourcecode.swift; path = LottieView.swift; sourceTree = "<group>"; };
		81094DE12BA1E3290095D5B2 /* animationLoginTwo.json */ = {isa = PBXFileReference; fileEncoding = 4; lastKnownFileType = text.json; name = animationLoginTwo.json; path = ../../../../../../../Downloads/animationLoginTwo.json; sourceTree = "<group>"; };
		81094DE32BA20D930095D5B2 /* animationLogin.json */ = {isa = PBXFileReference; lastKnownFileType = text.json; path = animationLogin.json; sourceTree = "<group>"; };
		81094DE42BA20DA50095D5B2 /* SignUpView.swift */ = {isa = PBXFileReference; lastKnownFileType = sourcecode.swift; path = SignUpView.swift; sourceTree = "<group>"; };
		81094E1D2BA212D30095D5B2 /* GoogleService-Info.plist */ = {isa = PBXFileReference; fileEncoding = 4; lastKnownFileType = text.plist.xml; name = "GoogleService-Info.plist"; path = "../../../../../Downloads/GoogleService-Info.plist"; sourceTree = "<group>"; };
		81094E202BA21E420095D5B2 /* success.json */ = {isa = PBXFileReference; fileEncoding = 4; lastKnownFileType = text.json; name = success.json; path = ../../../../../../../Downloads/success.json; sourceTree = "<group>"; };
		81094E222BA21E560095D5B2 /* BottomSheetSucessView.swift */ = {isa = PBXFileReference; lastKnownFileType = sourcecode.swift; path = BottomSheetSucessView.swift; sourceTree = "<group>"; };
		81094E252BA362810095D5B2 /* HomeView.swift */ = {isa = PBXFileReference; lastKnownFileType = sourcecode.swift; path = HomeView.swift; sourceTree = "<group>"; };
/* End PBXFileReference section */

/* Begin PBXFrameworksBuildPhase section */
		81094DB92BA10A540095D5B2 /* Frameworks */ = {
			isa = PBXFrameworksBuildPhase;
			buildActionMask = 2147483647;
			files = (
				81094E062BA212750095D5B2 /* FirebaseFunctions in Frameworks */,
				81094DFC2BA212750095D5B2 /* FirebaseDatabaseSwift in Frameworks */,
				81094E0C2BA212750095D5B2 /* FirebaseInAppMessagingSwift-Beta in Frameworks */,
				81094E122BA212750095D5B2 /* FirebaseMessaging in Frameworks */,
				81094DF22BA212750095D5B2 /* FirebaseAppDistribution-Beta in Frameworks */,
				81094DF62BA212750095D5B2 /* FirebaseAuthCombine-Community in Frameworks */,
				81094E022BA212750095D5B2 /* FirebaseFirestoreCombine-Community in Frameworks */,
				81094DEC2BA212750095D5B2 /* FirebaseAnalyticsSwift in Frameworks */,
				81094E102BA212750095D5B2 /* FirebaseMLModelDownloader in Frameworks */,
				81094DEE2BA212750095D5B2 /* FirebaseAnalyticsWithoutAdIdSupport in Frameworks */,
				81094DE82BA212750095D5B2 /* FirebaseAnalytics in Frameworks */,
				81094E042BA212750095D5B2 /* FirebaseFirestoreSwift in Frameworks */,
				81094DEA2BA212750095D5B2 /* FirebaseAnalyticsOnDeviceConversion in Frameworks */,
				81094DF02BA212750095D5B2 /* FirebaseAppCheck in Frameworks */,
				81094E142BA212750095D5B2 /* FirebasePerformance in Frameworks */,
				81094E0A2BA212750095D5B2 /* FirebaseInAppMessaging-Beta in Frameworks */,
				81094E082BA212750095D5B2 /* FirebaseFunctionsCombine-Community in Frameworks */,
				81094DF82BA212750095D5B2 /* FirebaseCrashlytics in Frameworks */,
				81094E0E2BA212750095D5B2 /* FirebaseInstallations in Frameworks */,
				81094E162BA212750095D5B2 /* FirebaseRemoteConfig in Frameworks */,
				81094E1A2BA212750095D5B2 /* FirebaseStorage in Frameworks */,
				81094DFA2BA212750095D5B2 /* FirebaseDatabase in Frameworks */,
				81094E1C2BA212750095D5B2 /* FirebaseStorageCombine-Community in Frameworks */,
				81094DD82BA1D54C0095D5B2 /* Lottie in Frameworks */,
				81094DF42BA212750095D5B2 /* FirebaseAuth in Frameworks */,
				81094DFE2BA212750095D5B2 /* FirebaseDynamicLinks in Frameworks */,
				81094E002BA212750095D5B2 /* FirebaseFirestore in Frameworks */,
				81094E182BA212750095D5B2 /* FirebaseRemoteConfigSwift in Frameworks */,
			);
			runOnlyForDeploymentPostprocessing = 0;
		};
/* End PBXFrameworksBuildPhase section */

/* Begin PBXGroup section */
		81094DB32BA10A540095D5B2 = {
			isa = PBXGroup;
			children = (
				81094DBE2BA10A540095D5B2 /* AuthenticationProject */,
				81094DBD2BA10A540095D5B2 /* Products */,
			);
			sourceTree = "<group>";
		};
		81094DBD2BA10A540095D5B2 /* Products */ = {
			isa = PBXGroup;
			children = (
				81094DBC2BA10A540095D5B2 /* AuthenticationProject.app */,
			);
			name = Products;
			sourceTree = "<group>";
		};
		81094DBE2BA10A540095D5B2 /* AuthenticationProject */ = {
			isa = PBXGroup;
			children = (
				81094DD12BA10A970095D5B2 /* Models */,
				81094DD02BA10A910095D5B2 /* Helpers */,
				81094DCF2BA10A8A0095D5B2 /* Screens */,
				81094DBF2BA10A540095D5B2 /* AuthenticationProjectApp.swift */,
				81094DC32BA10A550095D5B2 /* Assets.xcassets */,
				81094E1D2BA212D30095D5B2 /* GoogleService-Info.plist */,
				81094DC52BA10A550095D5B2 /* AuthenticationProject.entitlements */,
				81094DC62BA10A550095D5B2 /* Preview Content */,
			);
			path = AuthenticationProject;
			sourceTree = "<group>";
		};
		81094DC62BA10A550095D5B2 /* Preview Content */ = {
			isa = PBXGroup;
			children = (
				81094DC72BA10A550095D5B2 /* Preview Assets.xcassets */,
			);
			path = "Preview Content";
			sourceTree = "<group>";
		};
		81094DCF2BA10A8A0095D5B2 /* Screens */ = {
			isa = PBXGroup;
			children = (
				81094E242BA362710095D5B2 /* HomeScreen */,
				81094E1F2BA21E280095D5B2 /* Components */,
				81094DD32BA10AAC0095D5B2 /* SignUpScreen */,
				81094DD22BA10A9F0095D5B2 /* SignInScreen */,
			);
			path = Screens;
			sourceTree = "<group>";
		};
		81094DD02BA10A910095D5B2 /* Helpers */ = {
			isa = PBXGroup;
			children = (
				81094DDB2BA1D8110095D5B2 /* LottieView.swift */,
			);
			path = Helpers;
			sourceTree = "<group>";
		};
		81094DD12BA10A970095D5B2 /* Models */ = {
			isa = PBXGroup;
			children = (
			);
			name = Models;
			sourceTree = "<group>";
		};
		81094DD22BA10A9F0095D5B2 /* SignInScreen */ = {
			isa = PBXGroup;
			children = (
				81094DD92BA1D8010095D5B2 /* animationLogin.json */,
				81094DE12BA1E3290095D5B2 /* animationLoginTwo.json */,
				81094DD42BA10AC20095D5B2 /* SignInView.swift */,
			);
			path = SignInScreen;
			sourceTree = "<group>";
		};
		81094DD32BA10AAC0095D5B2 /* SignUpScreen */ = {
			isa = PBXGroup;
			children = (
				81094DE32BA20D930095D5B2 /* animationLogin.json */,
				81094DE42BA20DA50095D5B2 /* SignUpView.swift */,
			);
			path = SignUpScreen;
			sourceTree = "<group>";
		};
		81094E1F2BA21E280095D5B2 /* Components */ = {
			isa = PBXGroup;
			children = (
				81094E202BA21E420095D5B2 /* success.json */,
				81094E222BA21E560095D5B2 /* BottomSheetSucessView.swift */,
			);
			path = Components;
			sourceTree = "<group>";
		};
		81094E242BA362710095D5B2 /* HomeScreen */ = {
			isa = PBXGroup;
			children = (
				81094E252BA362810095D5B2 /* HomeView.swift */,
			);
			path = HomeScreen;
			sourceTree = "<group>";
		};
/* End PBXGroup section */

/* Begin PBXNativeTarget section */
		81094DBB2BA10A540095D5B2 /* AuthenticationProject */ = {
			isa = PBXNativeTarget;
			buildConfigurationList = 81094DCB2BA10A550095D5B2 /* Build configuration list for PBXNativeTarget "AuthenticationProject" */;
			buildPhases = (
				81094DB82BA10A540095D5B2 /* Sources */,
				81094DB92BA10A540095D5B2 /* Frameworks */,
				81094DBA2BA10A540095D5B2 /* Resources */,
			);
			buildRules = (
			);
			dependencies = (
			);
			name = AuthenticationProject;
			packageProductDependencies = (
				81094DD72BA1D54C0095D5B2 /* Lottie */,
				81094DE72BA212750095D5B2 /* FirebaseAnalytics */,
				81094DE92BA212750095D5B2 /* FirebaseAnalyticsOnDeviceConversion */,
				81094DEB2BA212750095D5B2 /* FirebaseAnalyticsSwift */,
				81094DED2BA212750095D5B2 /* FirebaseAnalyticsWithoutAdIdSupport */,
				81094DEF2BA212750095D5B2 /* FirebaseAppCheck */,
				81094DF12BA212750095D5B2 /* FirebaseAppDistribution-Beta */,
				81094DF32BA212750095D5B2 /* FirebaseAuth */,
				81094DF52BA212750095D5B2 /* FirebaseAuthCombine-Community */,
				81094DF72BA212750095D5B2 /* FirebaseCrashlytics */,
				81094DF92BA212750095D5B2 /* FirebaseDatabase */,
				81094DFB2BA212750095D5B2 /* FirebaseDatabaseSwift */,
				81094DFD2BA212750095D5B2 /* FirebaseDynamicLinks */,
				81094DFF2BA212750095D5B2 /* FirebaseFirestore */,
				81094E012BA212750095D5B2 /* FirebaseFirestoreCombine-Community */,
				81094E032BA212750095D5B2 /* FirebaseFirestoreSwift */,
				81094E052BA212750095D5B2 /* FirebaseFunctions */,
				81094E072BA212750095D5B2 /* FirebaseFunctionsCombine-Community */,
				81094E092BA212750095D5B2 /* FirebaseInAppMessaging-Beta */,
				81094E0B2BA212750095D5B2 /* FirebaseInAppMessagingSwift-Beta */,
				81094E0D2BA212750095D5B2 /* FirebaseInstallations */,
				81094E0F2BA212750095D5B2 /* FirebaseMLModelDownloader */,
				81094E112BA212750095D5B2 /* FirebaseMessaging */,
				81094E132BA212750095D5B2 /* FirebasePerformance */,
				81094E152BA212750095D5B2 /* FirebaseRemoteConfig */,
				81094E172BA212750095D5B2 /* FirebaseRemoteConfigSwift */,
				81094E192BA212750095D5B2 /* FirebaseStorage */,
				81094E1B2BA212750095D5B2 /* FirebaseStorageCombine-Community */,
			);
			productName = AuthenticationProject;
			productReference = 81094DBC2BA10A540095D5B2 /* AuthenticationProject.app */;
			productType = "com.apple.product-type.application";
		};
/* End PBXNativeTarget section */

/* Begin PBXProject section */
		81094DB42BA10A540095D5B2 /* Project object */ = {
			isa = PBXProject;
			attributes = {
				BuildIndependentTargetsInParallel = 1;
				LastSwiftUpdateCheck = 1500;
				LastUpgradeCheck = 1500;
				TargetAttributes = {
					81094DBB2BA10A540095D5B2 = {
						CreatedOnToolsVersion = 15.0.1;
					};
				};
			};
			buildConfigurationList = 81094DB72BA10A540095D5B2 /* Build configuration list for PBXProject "AuthenticationProject" */;
			compatibilityVersion = "Xcode 14.0";
			developmentRegion = en;
			hasScannedForEncodings = 0;
			knownRegions = (
				en,
				Base,
			);
			mainGroup = 81094DB32BA10A540095D5B2;
			packageReferences = (
				81094DD62BA1D54C0095D5B2 /* XCRemoteSwiftPackageReference "lottie-spm" */,
				81094DE62BA212750095D5B2 /* XCRemoteSwiftPackageReference "firebase-ios-sdk" */,
			);
			productRefGroup = 81094DBD2BA10A540095D5B2 /* Products */;
			projectDirPath = "";
			projectRoot = "";
			targets = (
				81094DBB2BA10A540095D5B2 /* AuthenticationProject */,
			);
		};
/* End PBXProject section */

/* Begin PBXResourcesBuildPhase section */
		81094DBA2BA10A540095D5B2 /* Resources */ = {
			isa = PBXResourcesBuildPhase;
			buildActionMask = 2147483647;
			files = (
				81094DC82BA10A550095D5B2 /* Preview Assets.xcassets in Resources */,
				81094DC42BA10A550095D5B2 /* Assets.xcassets in Resources */,
				81094E1E2BA212D30095D5B2 /* GoogleService-Info.plist in Resources */,
				81094DE22BA1E32A0095D5B2 /* animationLoginTwo.json in Resources */,
				81094DDA2BA1D8010095D5B2 /* animationLogin.json in Resources */,
				81094E212BA21E420095D5B2 /* success.json in Resources */,
			);
			runOnlyForDeploymentPostprocessing = 0;
		};
/* End PBXResourcesBuildPhase section */

/* Begin PBXSourcesBuildPhase section */
		81094DB82BA10A540095D5B2 /* Sources */ = {
			isa = PBXSourcesBuildPhase;
			buildActionMask = 2147483647;
			files = (
				81094DE52BA20DA50095D5B2 /* SignUpView.swift in Sources */,
				81094DD52BA10AC20095D5B2 /* SignInView.swift in Sources */,
				81094DC02BA10A540095D5B2 /* AuthenticationProjectApp.swift in Sources */,
				81094E262BA362810095D5B2 /* HomeView.swift in Sources */,
				81094E232BA21E560095D5B2 /* BottomSheetSucessView.swift in Sources */,
				81094DDC2BA1D8110095D5B2 /* LottieView.swift in Sources */,
			);
			runOnlyForDeploymentPostprocessing = 0;
		};
/* End PBXSourcesBuildPhase section */

/* Begin XCBuildConfiguration section */
		81094DC92BA10A550095D5B2 /* Debug */ = {
			isa = XCBuildConfiguration;
			buildSettings = {
				ALWAYS_SEARCH_USER_PATHS = NO;
				ASSETCATALOG_COMPILER_GENERATE_SWIFT_ASSET_SYMBOL_EXTENSIONS = YES;
				CLANG_ANALYZER_NONNULL = YES;
				CLANG_ANALYZER_NUMBER_OBJECT_CONVERSION = YES_AGGRESSIVE;
				CLANG_CXX_LANGUAGE_STANDARD = "gnu++20";
				CLANG_ENABLE_MODULES = YES;
				CLANG_ENABLE_OBJC_ARC = YES;
				CLANG_ENABLE_OBJC_WEAK = YES;
				CLANG_WARN_BLOCK_CAPTURE_AUTORELEASING = YES;
				CLANG_WARN_BOOL_CONVERSION = YES;
				CLANG_WARN_COMMA = YES;
				CLANG_WARN_CONSTANT_CONVERSION = YES;
				CLANG_WARN_DEPRECATED_OBJC_IMPLEMENTATIONS = YES;
				CLANG_WARN_DIRECT_OBJC_ISA_USAGE = YES_ERROR;
				CLANG_WARN_DOCUMENTATION_COMMENTS = YES;
				CLANG_WARN_EMPTY_BODY = YES;
				CLANG_WARN_ENUM_CONVERSION = YES;
				CLANG_WARN_INFINITE_RECURSION = YES;
				CLANG_WARN_INT_CONVERSION = YES;
				CLANG_WARN_NON_LITERAL_NULL_CONVERSION = YES;
				CLANG_WARN_OBJC_IMPLICIT_RETAIN_SELF = YES;
				CLANG_WARN_OBJC_LITERAL_CONVERSION = YES;
				CLANG_WARN_OBJC_ROOT_CLASS = YES_ERROR;
				CLANG_WARN_QUOTED_INCLUDE_IN_FRAMEWORK_HEADER = YES;
				CLANG_WARN_RANGE_LOOP_ANALYSIS = YES;
				CLANG_WARN_STRICT_PROTOTYPES = YES;
				CLANG_WARN_SUSPICIOUS_MOVE = YES;
				CLANG_WARN_UNGUARDED_AVAILABILITY = YES_AGGRESSIVE;
				CLANG_WARN_UNREACHABLE_CODE = YES;
				CLANG_WARN__DUPLICATE_METHOD_MATCH = YES;
				COPY_PHASE_STRIP = NO;
				DEBUG_INFORMATION_FORMAT = dwarf;
				ENABLE_STRICT_OBJC_MSGSEND = YES;
				ENABLE_TESTABILITY = YES;
				ENABLE_USER_SCRIPT_SANDBOXING = YES;
				GCC_C_LANGUAGE_STANDARD = gnu17;
				GCC_DYNAMIC_NO_PIC = NO;
				GCC_NO_COMMON_BLOCKS = YES;
				GCC_OPTIMIZATION_LEVEL = 0;
				GCC_PREPROCESSOR_DEFINITIONS = (
					"DEBUG=1",
					"$(inherited)",
				);
				GCC_WARN_64_TO_32_BIT_CONVERSION = YES;
				GCC_WARN_ABOUT_RETURN_TYPE = YES_ERROR;
				GCC_WARN_UNDECLARED_SELECTOR = YES;
				GCC_WARN_UNINITIALIZED_AUTOS = YES_AGGRESSIVE;
				GCC_WARN_UNUSED_FUNCTION = YES;
				GCC_WARN_UNUSED_VARIABLE = YES;
				LOCALIZATION_PREFERS_STRING_CATALOGS = YES;
				MTL_ENABLE_DEBUG_INFO = INCLUDE_SOURCE;
				MTL_FAST_MATH = YES;
				ONLY_ACTIVE_ARCH = YES;
				SWIFT_ACTIVE_COMPILATION_CONDITIONS = "DEBUG $(inherited)";
				SWIFT_OPTIMIZATION_LEVEL = "-Onone";
			};
			name = Debug;
		};
		81094DCA2BA10A550095D5B2 /* Release */ = {
			isa = XCBuildConfiguration;
			buildSettings = {
				ALWAYS_SEARCH_USER_PATHS = NO;
				ASSETCATALOG_COMPILER_GENERATE_SWIFT_ASSET_SYMBOL_EXTENSIONS = YES;
				CLANG_ANALYZER_NONNULL = YES;
				CLANG_ANALYZER_NUMBER_OBJECT_CONVERSION = YES_AGGRESSIVE;
				CLANG_CXX_LANGUAGE_STANDARD = "gnu++20";
				CLANG_ENABLE_MODULES = YES;
				CLANG_ENABLE_OBJC_ARC = YES;
				CLANG_ENABLE_OBJC_WEAK = YES;
				CLANG_WARN_BLOCK_CAPTURE_AUTORELEASING = YES;
				CLANG_WARN_BOOL_CONVERSION = YES;
				CLANG_WARN_COMMA = YES;
				CLANG_WARN_CONSTANT_CONVERSION = YES;
				CLANG_WARN_DEPRECATED_OBJC_IMPLEMENTATIONS = YES;
				CLANG_WARN_DIRECT_OBJC_ISA_USAGE = YES_ERROR;
				CLANG_WARN_DOCUMENTATION_COMMENTS = YES;
				CLANG_WARN_EMPTY_BODY = YES;
				CLANG_WARN_ENUM_CONVERSION = YES;
				CLANG_WARN_INFINITE_RECURSION = YES;
				CLANG_WARN_INT_CONVERSION = YES;
				CLANG_WARN_NON_LITERAL_NULL_CONVERSION = YES;
				CLANG_WARN_OBJC_IMPLICIT_RETAIN_SELF = YES;
				CLANG_WARN_OBJC_LITERAL_CONVERSION = YES;
				CLANG_WARN_OBJC_ROOT_CLASS = YES_ERROR;
				CLANG_WARN_QUOTED_INCLUDE_IN_FRAMEWORK_HEADER = YES;
				CLANG_WARN_RANGE_LOOP_ANALYSIS = YES;
				CLANG_WARN_STRICT_PROTOTYPES = YES;
				CLANG_WARN_SUSPICIOUS_MOVE = YES;
				CLANG_WARN_UNGUARDED_AVAILABILITY = YES_AGGRESSIVE;
				CLANG_WARN_UNREACHABLE_CODE = YES;
				CLANG_WARN__DUPLICATE_METHOD_MATCH = YES;
				COPY_PHASE_STRIP = NO;
				DEBUG_INFORMATION_FORMAT = "dwarf-with-dsym";
				ENABLE_NS_ASSERTIONS = NO;
				ENABLE_STRICT_OBJC_MSGSEND = YES;
				ENABLE_USER_SCRIPT_SANDBOXING = YES;
				GCC_C_LANGUAGE_STANDARD = gnu17;
				GCC_NO_COMMON_BLOCKS = YES;
				GCC_WARN_64_TO_32_BIT_CONVERSION = YES;
				GCC_WARN_ABOUT_RETURN_TYPE = YES_ERROR;
				GCC_WARN_UNDECLARED_SELECTOR = YES;
				GCC_WARN_UNINITIALIZED_AUTOS = YES_AGGRESSIVE;
				GCC_WARN_UNUSED_FUNCTION = YES;
				GCC_WARN_UNUSED_VARIABLE = YES;
				LOCALIZATION_PREFERS_STRING_CATALOGS = YES;
				MTL_ENABLE_DEBUG_INFO = NO;
				MTL_FAST_MATH = YES;
				SWIFT_COMPILATION_MODE = wholemodule;
			};
			name = Release;
		};
		81094DCC2BA10A550095D5B2 /* Debug */ = {
			isa = XCBuildConfiguration;
			buildSettings = {
				ASSETCATALOG_COMPILER_APPICON_NAME = AppIcon;
				ASSETCATALOG_COMPILER_GLOBAL_ACCENT_COLOR_NAME = AccentColor;
				CODE_SIGN_ENTITLEMENTS = AuthenticationProject/AuthenticationProject.entitlements;
				CODE_SIGN_STYLE = Automatic;
				CURRENT_PROJECT_VERSION = 1;
				DEVELOPMENT_ASSET_PATHS = "\"AuthenticationProject/Preview Content\"";
				DEVELOPMENT_TEAM = 5AYQLGQSYV;
				ENABLE_HARDENED_RUNTIME = YES;
				ENABLE_PREVIEWS = YES;
				GENERATE_INFOPLIST_FILE = YES;
				"INFOPLIST_KEY_UIApplicationSceneManifest_Generation[sdk=iphoneos*]" = YES;
				"INFOPLIST_KEY_UIApplicationSceneManifest_Generation[sdk=iphonesimulator*]" = YES;
				"INFOPLIST_KEY_UIApplicationSupportsIndirectInputEvents[sdk=iphoneos*]" = YES;
				"INFOPLIST_KEY_UIApplicationSupportsIndirectInputEvents[sdk=iphonesimulator*]" = YES;
				"INFOPLIST_KEY_UILaunchScreen_Generation[sdk=iphoneos*]" = YES;
				"INFOPLIST_KEY_UILaunchScreen_Generation[sdk=iphonesimulator*]" = YES;
				"INFOPLIST_KEY_UIStatusBarStyle[sdk=iphoneos*]" = UIStatusBarStyleDefault;
				"INFOPLIST_KEY_UIStatusBarStyle[sdk=iphonesimulator*]" = UIStatusBarStyleDefault;
				INFOPLIST_KEY_UISupportedInterfaceOrientations_iPad = "UIInterfaceOrientationPortrait UIInterfaceOrientationPortraitUpsideDown UIInterfaceOrientationLandscapeLeft UIInterfaceOrientationLandscapeRight";
				INFOPLIST_KEY_UISupportedInterfaceOrientations_iPhone = "UIInterfaceOrientationPortrait UIInterfaceOrientationLandscapeLeft UIInterfaceOrientationLandscapeRight";
				IPHONEOS_DEPLOYMENT_TARGET = 17.0;
				LD_RUNPATH_SEARCH_PATHS = "@executable_path/Frameworks";
				"LD_RUNPATH_SEARCH_PATHS[sdk=macosx*]" = "@executable_path/../Frameworks";
				MACOSX_DEPLOYMENT_TARGET = 14.0;
				MARKETING_VERSION = 1.0;
				PRODUCT_BUNDLE_IDENTIFIER = com.tltech.AuthenticationProject;
				PRODUCT_NAME = "$(TARGET_NAME)";
				SDKROOT = auto;
				SUPPORTED_PLATFORMS = "iphoneos iphonesimulator macosx";
				SWIFT_EMIT_LOC_STRINGS = YES;
				SWIFT_VERSION = 5.0;
				TARGETED_DEVICE_FAMILY = "1,2";
			};
			name = Debug;
		};
		81094DCD2BA10A550095D5B2 /* Release */ = {
			isa = XCBuildConfiguration;
			buildSettings = {
				ASSETCATALOG_COMPILER_APPICON_NAME = AppIcon;
				ASSETCATALOG_COMPILER_GLOBAL_ACCENT_COLOR_NAME = AccentColor;
				CODE_SIGN_ENTITLEMENTS = AuthenticationProject/AuthenticationProject.entitlements;
				CODE_SIGN_STYLE = Automatic;
				CURRENT_PROJECT_VERSION = 1;
				DEVELOPMENT_ASSET_PATHS = "\"AuthenticationProject/Preview Content\"";
				DEVELOPMENT_TEAM = 5AYQLGQSYV;
				ENABLE_HARDENED_RUNTIME = YES;
				ENABLE_PREVIEWS = YES;
				GENERATE_INFOPLIST_FILE = YES;
				"INFOPLIST_KEY_UIApplicationSceneManifest_Generation[sdk=iphoneos*]" = YES;
				"INFOPLIST_KEY_UIApplicationSceneManifest_Generation[sdk=iphonesimulator*]" = YES;
				"INFOPLIST_KEY_UIApplicationSupportsIndirectInputEvents[sdk=iphoneos*]" = YES;
				"INFOPLIST_KEY_UIApplicationSupportsIndirectInputEvents[sdk=iphonesimulator*]" = YES;
				"INFOPLIST_KEY_UILaunchScreen_Generation[sdk=iphoneos*]" = YES;
				"INFOPLIST_KEY_UILaunchScreen_Generation[sdk=iphonesimulator*]" = YES;
				"INFOPLIST_KEY_UIStatusBarStyle[sdk=iphoneos*]" = UIStatusBarStyleDefault;
				"INFOPLIST_KEY_UIStatusBarStyle[sdk=iphonesimulator*]" = UIStatusBarStyleDefault;
				INFOPLIST_KEY_UISupportedInterfaceOrientations_iPad = "UIInterfaceOrientationPortrait UIInterfaceOrientationPortraitUpsideDown UIInterfaceOrientationLandscapeLeft UIInterfaceOrientationLandscapeRight";
				INFOPLIST_KEY_UISupportedInterfaceOrientations_iPhone = "UIInterfaceOrientationPortrait UIInterfaceOrientationLandscapeLeft UIInterfaceOrientationLandscapeRight";
				IPHONEOS_DEPLOYMENT_TARGET = 17.0;
				LD_RUNPATH_SEARCH_PATHS = "@executable_path/Frameworks";
				"LD_RUNPATH_SEARCH_PATHS[sdk=macosx*]" = "@executable_path/../Frameworks";
				MACOSX_DEPLOYMENT_TARGET = 14.0;
				MARKETING_VERSION = 1.0;
				PRODUCT_BUNDLE_IDENTIFIER = com.tltech.AuthenticationProject;
				PRODUCT_NAME = "$(TARGET_NAME)";
				SDKROOT = auto;
				SUPPORTED_PLATFORMS = "iphoneos iphonesimulator macosx";
				SWIFT_EMIT_LOC_STRINGS = YES;
				SWIFT_VERSION = 5.0;
				TARGETED_DEVICE_FAMILY = "1,2";
			};
			name = Release;
		};
/* End XCBuildConfiguration section */

/* Begin XCConfigurationList section */
		81094DB72BA10A540095D5B2 /* Build configuration list for PBXProject "AuthenticationProject" */ = {
			isa = XCConfigurationList;
			buildConfigurations = (
				81094DC92BA10A550095D5B2 /* Debug */,
				81094DCA2BA10A550095D5B2 /* Release */,
			);
			defaultConfigurationIsVisible = 0;
			defaultConfigurationName = Release;
		};
		81094DCB2BA10A550095D5B2 /* Build configuration list for PBXNativeTarget "AuthenticationProject" */ = {
			isa = XCConfigurationList;
			buildConfigurations = (
				81094DCC2BA10A550095D5B2 /* Debug */,
				81094DCD2BA10A550095D5B2 /* Release */,
			);
			defaultConfigurationIsVisible = 0;
			defaultConfigurationName = Release;
		};
/* End XCConfigurationList section */

/* Begin XCRemoteSwiftPackageReference section */
		81094DD62BA1D54C0095D5B2 /* XCRemoteSwiftPackageReference "lottie-spm" */ = {
			isa = XCRemoteSwiftPackageReference;
			repositoryURL = "https://github.com/airbnb/lottie-spm.git";
			requirement = {
				kind = upToNextMajorVersion;
				minimumVersion = 4.4.1;
			};
		};
		81094DE62BA212750095D5B2 /* XCRemoteSwiftPackageReference "firebase-ios-sdk" */ = {
			isa = XCRemoteSwiftPackageReference;
			repositoryURL = "https://github.com/firebase/firebase-ios-sdk";
			requirement = {
				kind = upToNextMajorVersion;
				minimumVersion = 10.22.1;
			};
		};
/* End XCRemoteSwiftPackageReference section */

/* Begin XCSwiftPackageProductDependency section */
		81094DD72BA1D54C0095D5B2 /* Lottie */ = {
			isa = XCSwiftPackageProductDependency;
			package = 81094DD62BA1D54C0095D5B2 /* XCRemoteSwiftPackageReference "lottie-spm" */;
			productName = Lottie;
		};
		81094DE72BA212750095D5B2 /* FirebaseAnalytics */ = {
			isa = XCSwiftPackageProductDependency;
			package = 81094DE62BA212750095D5B2 /* XCRemoteSwiftPackageReference "firebase-ios-sdk" */;
			productName = FirebaseAnalytics;
		};
		81094DE92BA212750095D5B2 /* FirebaseAnalyticsOnDeviceConversion */ = {
			isa = XCSwiftPackageProductDependency;
			package = 81094DE62BA212750095D5B2 /* XCRemoteSwiftPackageReference "firebase-ios-sdk" */;
			productName = FirebaseAnalyticsOnDeviceConversion;
		};
		81094DEB2BA212750095D5B2 /* FirebaseAnalyticsSwift */ = {
			isa = XCSwiftPackageProductDependency;
			package = 81094DE62BA212750095D5B2 /* XCRemoteSwiftPackageReference "firebase-ios-sdk" */;
			productName = FirebaseAnalyticsSwift;
		};
		81094DED2BA212750095D5B2 /* FirebaseAnalyticsWithoutAdIdSupport */ = {
			isa = XCSwiftPackageProductDependency;
			package = 81094DE62BA212750095D5B2 /* XCRemoteSwiftPackageReference "firebase-ios-sdk" */;
			productName = FirebaseAnalyticsWithoutAdIdSupport;
		};
		81094DEF2BA212750095D5B2 /* FirebaseAppCheck */ = {
			isa = XCSwiftPackageProductDependency;
			package = 81094DE62BA212750095D5B2 /* XCRemoteSwiftPackageReference "firebase-ios-sdk" */;
			productName = FirebaseAppCheck;
		};
		81094DF12BA212750095D5B2 /* FirebaseAppDistribution-Beta */ = {
			isa = XCSwiftPackageProductDependency;
			package = 81094DE62BA212750095D5B2 /* XCRemoteSwiftPackageReference "firebase-ios-sdk" */;
			productName = "FirebaseAppDistribution-Beta";
		};
		81094DF32BA212750095D5B2 /* FirebaseAuth */ = {
			isa = XCSwiftPackageProductDependency;
			package = 81094DE62BA212750095D5B2 /* XCRemoteSwiftPackageReference "firebase-ios-sdk" */;
			productName = FirebaseAuth;
		};
		81094DF52BA212750095D5B2 /* FirebaseAuthCombine-Community */ = {
			isa = XCSwiftPackageProductDependency;
			package = 81094DE62BA212750095D5B2 /* XCRemoteSwiftPackageReference "firebase-ios-sdk" */;
			productName = "FirebaseAuthCombine-Community";
		};
		81094DF72BA212750095D5B2 /* FirebaseCrashlytics */ = {
			isa = XCSwiftPackageProductDependency;
			package = 81094DE62BA212750095D5B2 /* XCRemoteSwiftPackageReference "firebase-ios-sdk" */;
			productName = FirebaseCrashlytics;
		};
		81094DF92BA212750095D5B2 /* FirebaseDatabase */ = {
			isa = XCSwiftPackageProductDependency;
			package = 81094DE62BA212750095D5B2 /* XCRemoteSwiftPackageReference "firebase-ios-sdk" */;
			productName = FirebaseDatabase;
		};
		81094DFB2BA212750095D5B2 /* FirebaseDatabaseSwift */ = {
			isa = XCSwiftPackageProductDependency;
			package = 81094DE62BA212750095D5B2 /* XCRemoteSwiftPackageReference "firebase-ios-sdk" */;
			productName = FirebaseDatabaseSwift;
		};
		81094DFD2BA212750095D5B2 /* FirebaseDynamicLinks */ = {
			isa = XCSwiftPackageProductDependency;
			package = 81094DE62BA212750095D5B2 /* XCRemoteSwiftPackageReference "firebase-ios-sdk" */;
			productName = FirebaseDynamicLinks;
		};
		81094DFF2BA212750095D5B2 /* FirebaseFirestore */ = {
			isa = XCSwiftPackageProductDependency;
			package = 81094DE62BA212750095D5B2 /* XCRemoteSwiftPackageReference "firebase-ios-sdk" */;
			productName = FirebaseFirestore;
		};
		81094E012BA212750095D5B2 /* FirebaseFirestoreCombine-Community */ = {
			isa = XCSwiftPackageProductDependency;
			package = 81094DE62BA212750095D5B2 /* XCRemoteSwiftPackageReference "firebase-ios-sdk" */;
			productName = "FirebaseFirestoreCombine-Community";
		};
		81094E032BA212750095D5B2 /* FirebaseFirestoreSwift */ = {
			isa = XCSwiftPackageProductDependency;
			package = 81094DE62BA212750095D5B2 /* XCRemoteSwiftPackageReference "firebase-ios-sdk" */;
			productName = FirebaseFirestoreSwift;
		};
		81094E052BA212750095D5B2 /* FirebaseFunctions */ = {
			isa = XCSwiftPackageProductDependency;
			package = 81094DE62BA212750095D5B2 /* XCRemoteSwiftPackageReference "firebase-ios-sdk" */;
			productName = FirebaseFunctions;
		};
		81094E072BA212750095D5B2 /* FirebaseFunctionsCombine-Community */ = {
			isa = XCSwiftPackageProductDependency;
			package = 81094DE62BA212750095D5B2 /* XCRemoteSwiftPackageReference "firebase-ios-sdk" */;
			productName = "FirebaseFunctionsCombine-Community";
		};
		81094E092BA212750095D5B2 /* FirebaseInAppMessaging-Beta */ = {
			isa = XCSwiftPackageProductDependency;
			package = 81094DE62BA212750095D5B2 /* XCRemoteSwiftPackageReference "firebase-ios-sdk" */;
			productName = "FirebaseInAppMessaging-Beta";
		};
		81094E0B2BA212750095D5B2 /* FirebaseInAppMessagingSwift-Beta */ = {
			isa = XCSwiftPackageProductDependency;
			package = 81094DE62BA212750095D5B2 /* XCRemoteSwiftPackageReference "firebase-ios-sdk" */;
			productName = "FirebaseInAppMessagingSwift-Beta";
		};
		81094E0D2BA212750095D5B2 /* FirebaseInstallations */ = {
			isa = XCSwiftPackageProductDependency;
			package = 81094DE62BA212750095D5B2 /* XCRemoteSwiftPackageReference "firebase-ios-sdk" */;
			productName = FirebaseInstallations;
		};
		81094E0F2BA212750095D5B2 /* FirebaseMLModelDownloader */ = {
			isa = XCSwiftPackageProductDependency;
			package = 81094DE62BA212750095D5B2 /* XCRemoteSwiftPackageReference "firebase-ios-sdk" */;
			productName = FirebaseMLModelDownloader;
		};
		81094E112BA212750095D5B2 /* FirebaseMessaging */ = {
			isa = XCSwiftPackageProductDependency;
			package = 81094DE62BA212750095D5B2 /* XCRemoteSwiftPackageReference "firebase-ios-sdk" */;
			productName = FirebaseMessaging;
		};
		81094E132BA212750095D5B2 /* FirebasePerformance */ = {
			isa = XCSwiftPackageProductDependency;
			package = 81094DE62BA212750095D5B2 /* XCRemoteSwiftPackageReference "firebase-ios-sdk" */;
			productName = FirebasePerformance;
		};
		81094E152BA212750095D5B2 /* FirebaseRemoteConfig */ = {
			isa = XCSwiftPackageProductDependency;
			package = 81094DE62BA212750095D5B2 /* XCRemoteSwiftPackageReference "firebase-ios-sdk" */;
			productName = FirebaseRemoteConfig;
		};
		81094E172BA212750095D5B2 /* FirebaseRemoteConfigSwift */ = {
			isa = XCSwiftPackageProductDependency;
			package = 81094DE62BA212750095D5B2 /* XCRemoteSwiftPackageReference "firebase-ios-sdk" */;
			productName = FirebaseRemoteConfigSwift;
		};
		81094E192BA212750095D5B2 /* FirebaseStorage */ = {
			isa = XCSwiftPackageProductDependency;
			package = 81094DE62BA212750095D5B2 /* XCRemoteSwiftPackageReference "firebase-ios-sdk" */;
			productName = FirebaseStorage;
		};
		81094E1B2BA212750095D5B2 /* FirebaseStorageCombine-Community */ = {
			isa = XCSwiftPackageProductDependency;
			package = 81094DE62BA212750095D5B2 /* XCRemoteSwiftPackageReference "firebase-ios-sdk" */;
			productName = "FirebaseStorageCombine-Community";
		};
/* End XCSwiftPackageProductDependency section */
	};
	rootObject = 81094DB42BA10A540095D5B2 /* Project object */;
}
